{
  "name": "asset-manager-system",
  "version": "1.0.0",
  "lockfileVersion": 3,
  "requires": true,
  "packages": {
    "": {
      "name": "asset-manager-system",
      "version": "1.0.0",
      "license": "MIT",
      "engines": {
        "node": ">=16.0.0",
        "pnpm": ">=8.0.0"
      }
    }
  }
}
